
Microsoft Visual Studio Solution File, Format Version 12.00
# Visual Studio Version 17
VisualStudioVersion = 17.10.35122.118
MinimumVisualStudioVersion = 10.0.40219.1
Project("{FAE04EC0-301F-11D3-BF4B-00C04F79EFBC}") = "autoMask", "autoMask\autoMask.csproj", "{06CE7D57-98A1-4999-B4D5-5C0512C0F1E1}"
EndProject
Global
	GlobalSection(SolutionConfigurationPlatforms) = preSolution
		Debug|Any CPU = Debug|Any CPU
		Release|Any CPU = Release|Any CPU
	EndGlobalSection
	GlobalSection(ProjectConfigurationPlatforms) = postSolution
		{06CE7D57-98A1-4999-B4D5-5C0512C0F1E1}.Debug|Any CPU.ActiveCfg = Debug|Any CPU
		{06CE7D57-98A1-4999-B4D5-5C0512C0F1E1}.Debug|Any CPU.Build.0 = Debug|Any CPU
		{06CE7D57-98A1-4999-B4D5-5C0512C0F1E1}.Release|Any CPU.ActiveCfg = Release|Any CPU
		{06CE7D57-98A1-4999-B4D5-5C0512C0F1E1}.Release|Any CPU.Build.0 = Release|Any CPU
	EndGlobalSection
	GlobalSection(SolutionProperties) = preSolution
		HideSolutionNode = FALSE
	EndGlobalSection
	GlobalSection(ExtensibilityGlobals) = postSolution
		SolutionGuid = {23EF1E3A-03BF-4BCD-9E75-2DC6B86C0760}
	EndGlobalSection
EndGlobal
